// !$*UTF8*$!
{
	archiveVersion = 1;
	classes = {
	};
	objectVersion = 56;
	objects = {

/* Begin PBXBuildFile section */
		2427C64B28B571610057877A /* Palette in Frameworks */ = {isa = PBXBuildFile; productRef = 2427C64A28B571610057877A /* Palette */; };
		2431430028AEDDDD000097DF /* SwiftUIColorsFromImageApp.swift in Sources */ = {isa = PBXBuildFile; fileRef = 243142FF28AEDDDD000097DF /* SwiftUIColorsFromImageApp.swift */; };
		2431430228AEDDDD000097DF /* ContentView.swift in Sources */ = {isa = PBXBuildFile; fileRef = 2431430128AEDDDD000097DF /* ContentView.swift */; };
		2431430428AEDDDF000097DF /* Assets.xcassets in Resources */ = {isa = PBXBuildFile; fileRef = 2431430328AEDDDF000097DF /* Assets.xcassets */; };
		2431430728AEDDDF000097DF /* Preview Assets.xcassets in Resources */ = {isa = PBXBuildFile; fileRef = 2431430628AEDDDF000097DF /* Preview Assets.xcassets */; };
		2431430E28AEDDF9000097DF /* Picsum.swift in Sources */ = {isa = PBXBuildFile; fileRef = 2431430D28AEDDF9000097DF /* Picsum.swift */; };
		2431431028AF23F4000097DF /* PhotoDetails.swift in Sources */ = {isa = PBXBuildFile; fileRef = 2431430F28AF23F4000097DF /* PhotoDetails.swift */; };
		24BF7F0928B12D54002FB1BE /* ColorTheme.swift in Sources */ = {isa = PBXBuildFile; fileRef = 24BF7F0828B12D54002FB1BE /* ColorTheme.swift */; };
/* End PBXBuildFile section */

/* Begin PBXFileReference section */
		243142FC28AEDDDD000097DF /* SwiftUIColorsFromImage.app */ = {isa = PBXFileReference; explicitFileType = wrapper.application; includeInIndex = 0; path = SwiftUIColorsFromImage.app; sourceTree = BUILT_PRODUCTS_DIR; };
		243142FF28AEDDDD000097DF /* SwiftUIColorsFromImageApp.swift */ = {isa = PBXFileReference; lastKnownFileType = sourcecode.swift; path = SwiftUIColorsFromImageApp.swift; sourceTree = "<group>"; };
		2431430128AEDDDD000097DF /* ContentView.swift */ = {isa = PBXFileReference; lastKnownFileType = sourcecode.swift; path = ContentView.swift; sourceTree = "<group>"; };
		2431430328AEDDDF000097DF /* Assets.xcassets */ = {isa = PBXFileReference; lastKnownFileType = folder.assetcatalog; path = Assets.xcassets; sourceTree = "<group>"; };
		2431430628AEDDDF000097DF /* Preview Assets.xcassets */ = {isa = PBXFileReference; lastKnownFileType = folder.assetcatalog; path = "Preview Assets.xcassets"; sourceTree = "<group>"; };
		2431430D28AEDDF9000097DF /* Picsum.swift */ = {isa = PBXFileReference; lastKnownFileType = sourcecode.swift; path = Picsum.swift; sourceTree = "<group>"; };
		2431430F28AF23F4000097DF /* PhotoDetails.swift */ = {isa = PBXFileReference; lastKnownFileType = sourcecode.swift; path = PhotoDetails.swift; sourceTree = "<group>"; };
		24BF7F0828B12D54002FB1BE /* ColorTheme.swift */ = {isa = PBXFileReference; lastKnownFileType = sourcecode.swift; path = ColorTheme.swift; sourceTree = "<group>"; };
/* End PBXFileReference section */

/* Begin PBXFrameworksBuildPhase section */
		243142F928AEDDDD000097DF /* Frameworks */ = {
			isa = PBXFrameworksBuildPhase;
			buildActionMask = 2147483647;
			files = (
				2427C64B28B571610057877A /* Palette in Frameworks */,
			);
			runOnlyForDeploymentPostprocessing = 0;
		};
/* End PBXFrameworksBuildPhase section */

/* Begin PBXGroup section */
		243142F328AEDDDD000097DF = {
			isa = PBXGroup;
			children = (
				243142FE28AEDDDD000097DF /* SwiftUIColorsFromImage */,
				243142FD28AEDDDD000097DF /* Products */,
			);
			sourceTree = "<group>";
		};
		243142FD28AEDDDD000097DF /* Products */ = {
			isa = PBXGroup;
			children = (
				243142FC28AEDDDD000097DF /* SwiftUIColorsFromImage.app */,
			);
			name = Products;
			sourceTree = "<group>";
		};
		243142FE28AEDDDD000097DF /* SwiftUIColorsFromImage */ = {
			isa = PBXGroup;
			children = (
				243142FF28AEDDDD000097DF /* SwiftUIColorsFromImageApp.swift */,
				24BF7F0828B12D54002FB1BE /* ColorTheme.swift */,
				2431430128AEDDDD000097DF /* ContentView.swift */,
				2431430F28AF23F4000097DF /* PhotoDetails.swift */,
				2431430D28AEDDF9000097DF /* Picsum.swift */,
				2431430328AEDDDF000097DF /* Assets.xcassets */,
				2431430528AEDDDF000097DF /* Preview Content */,
			);
			path = SwiftUIColorsFromImage;
			sourceTree = "<group>";
		};
		2431430528AEDDDF000097DF /* Preview Content */ = {
			isa = PBXGroup;
			children = (
				2431430628AEDDDF000097DF /* Preview Assets.xcassets */,
			);
			path = "Preview Content";
			sourceTree = "<group>";
		};
/* End PBXGroup section */

/* Begin PBXNativeTarget section */
		243142FB28AEDDDD000097DF /* SwiftUIColorsFromImage */ = {
			isa = PBXNativeTarget;
			buildConfigurationList = 2431430A28AEDDDF000097DF /* Build configuration list for PBXNativeTarget "SwiftUIColorsFromImage" */;
			buildPhases = (
				243142F828AEDDDD000097DF /* Sources */,
				243142F928AEDDDD000097DF /* Frameworks */,
				243142FA28AEDDDD000097DF /* Resources */,
			);
			buildRules = (
			);
			dependencies = (
			);
			name = SwiftUIColorsFromImage;
			packageProductDependencies = (
				2427C64A28B571610057877A /* Palette */,
			);
			productName = SwiftUIColorsFromImage;
			productReference = 243142FC28AEDDDD000097DF /* SwiftUIColorsFromImage.app */;
			productType = "com.apple.product-type.application";
		};
/* End PBXNativeTarget section */

/* Begin PBXProject section */
		243142F428AEDDDD000097DF /* Project object */ = {
			isa = PBXProject;
			attributes = {
				BuildIndependentTargetsInParallel = 1;
				LastSwiftUpdateCheck = 1400;
				LastUpgradeCheck = 1400;
				TargetAttributes = {
					243142FB28AEDDDD000097DF = {
						CreatedOnToolsVersion = 14.0;
					};
				};
			};
			buildConfigurationList = 243142F728AEDDDD000097DF /* Build configuration list for PBXProject "SwiftUIColorsFromImage" */;
			compatibilityVersion = "Xcode 14.0";
			developmentRegion = en;
			hasScannedForEncodings = 0;
			knownRegions = (
				en,
				Base,
			);
			mainGroup = 243142F328AEDDDD000097DF;
			packageReferences = (
				2427C64928B571610057877A /* XCRemoteSwiftPackageReference "Palette" */,
			);
			productRefGroup = 243142FD28AEDDDD000097DF /* Products */;
			projectDirPath = "";
			projectRoot = "";
			targets = (
				243142FB28AEDDDD000097DF /* SwiftUIColorsFromImage */,
			);
		};
/* End PBXProject section */

/* Begin PBXResourcesBuildPhase section */
		243142FA28AEDDDD000097DF /* Resources */ = {
			isa = PBXResourcesBuildPhase;
			buildActionMask = 2147483647;
			files = (
				2431430728AEDDDF000097DF /* Preview Assets.xcassets in Resources */,
				2431430428AEDDDF000097DF /* Assets.xcassets in Resources */,
			);
			runOnlyForDeploymentPostprocessing = 0;
		};
/* End PBXResourcesBuildPhase section */

/* Begin PBXSourcesBuildPhase section */
		243142F828AEDDDD000097DF /* Sources */ = {
			isa = PBXSourcesBuildPhase;
			buildActionMask = 2147483647;
			files = (
				2431430E28AEDDF9000097DF /* Picsum.swift in Sources */,
				24BF7F0928B12D54002FB1BE /* ColorTheme.swift in Sources */,
				2431431028AF23F4000097DF /* PhotoDetails.swift in Sources */,
				2431430228AEDDDD000097DF /* ContentView.swift in Sources */,
				2431430028AEDDDD000097DF /* SwiftUIColorsFromImageApp.swift in Sources */,
			);
			runOnlyForDeploymentPostprocessing = 0;
		};
/* End PBXSourcesBuildPhase section */

/* Begin XCBuildConfiguration section */
		2431430828AEDDDF000097DF /* Debug */ = {
			isa = XCBuildConfiguration;
			buildSettings = {
				ALWAYS_SEARCH_USER_PATHS = NO;
				CLANG_ANALYZER_NONNULL = YES;
				CLANG_ANALYZER_NUMBER_OBJECT_CONVERSION = YES_AGGRESSIVE;
				CLANG_CXX_LANGUAGE_STANDARD = "gnu++20";
				CLANG_ENABLE_MODULES = YES;
				CLANG_ENABLE_OBJC_ARC = YES;
				CLANG_ENABLE_OBJC_WEAK = YES;
				CLANG_WARN_BLOCK_CAPTURE_AUTORELEASING = YES;
				CLANG_WARN_BOOL_CONVERSION = YES;
				CLANG_WARN_COMMA = YES;
				CLANG_WARN_CONSTANT_CONVERSION = YES;
				CLANG_WARN_DEPRECATED_OBJC_IMPLEMENTATIONS = YES;
				CLANG_WARN_DIRECT_OBJC_ISA_USAGE = YES_ERROR;
				CLANG_WARN_DOCUMENTATION_COMMENTS = YES;
				CLANG_WARN_EMPTY_BODY = YES;
				CLANG_WARN_ENUM_CONVERSION = YES;
				CLANG_WARN_INFINITE_RECURSION = YES;
				CLANG_WARN_INT_CONVERSION = YES;
				CLANG_WARN_NON_LITERAL_NULL_CONVERSION = YES;
				CLANG_WARN_OBJC_IMPLICIT_RETAIN_SELF = YES;
				CLANG_WARN_OBJC_LITERAL_CONVERSION = YES;
				CLANG_WARN_OBJC_ROOT_CLASS = YES_ERROR;
				CLANG_WARN_QUOTED_INCLUDE_IN_FRAMEWORK_HEADER = YES;
				CLANG_WARN_RANGE_LOOP_ANALYSIS = YES;
				CLANG_WARN_STRICT_PROTOTYPES = YES;
				CLANG_WARN_SUSPICIOUS_MOVE = YES;
				CLANG_WARN_UNGUARDED_AVAILABILITY = YES_AGGRESSIVE;
				CLANG_WARN_UNREACHABLE_CODE = YES;
				CLANG_WARN__DUPLICATE_METHOD_MATCH = YES;
				COPY_PHASE_STRIP = NO;
				DEBUG_INFORMATION_FORMAT = dwarf;
				ENABLE_STRICT_OBJC_MSGSEND = YES;
				ENABLE_TESTABILITY = YES;
				GCC_C_LANGUAGE_STANDARD = gnu11;
				GCC_DYNAMIC_NO_PIC = NO;
				GCC_NO_COMMON_BLOCKS = YES;
				GCC_OPTIMIZATION_LEVEL = 0;
				GCC_PREPROCESSOR_DEFINITIONS = (
					"DEBUG=1",
					"$(inherited)",
				);
				GCC_WARN_64_TO_32_BIT_CONVERSION = YES;
				GCC_WARN_ABOUT_RETURN_TYPE = YES_ERROR;
				GCC_WARN_UNDECLARED_SELECTOR = YES;
				GCC_WARN_UNINITIALIZED_AUTOS = YES_AGGRESSIVE;
				GCC_WARN_UNUSED_FUNCTION = YES;
				GCC_WARN_UNUSED_VARIABLE = YES;
				IPHONEOS_DEPLOYMENT_TARGET = 16.0;
				MTL_ENABLE_DEBUG_INFO = INCLUDE_SOURCE;
				MTL_FAST_MATH = YES;
				ONLY_ACTIVE_ARCH = YES;
				SDKROOT = iphoneos;
				SWIFT_ACTIVE_COMPILATION_CONDITIONS = DEBUG;
				SWIFT_OPTIMIZATION_LEVEL = "-Onone";
			};
			name = Debug;
		};
		2431430928AEDDDF000097DF /* Release */ = {
			isa = XCBuildConfiguration;
			buildSettings = {
				ALWAYS_SEARCH_USER_PATHS = NO;
				CLANG_ANALYZER_NONNULL = YES;
				CLANG_ANALYZER_NUMBER_OBJECT_CONVERSION = YES_AGGRESSIVE;
				CLANG_CXX_LANGUAGE_STANDARD = "gnu++20";
				CLANG_ENABLE_MODULES = YES;
				CLANG_ENABLE_OBJC_ARC = YES;
				CLANG_ENABLE_OBJC_WEAK = YES;
				CLANG_WARN_BLOCK_CAPTURE_AUTORELEASING = YES;
				CLANG_WARN_BOOL_CONVERSION = YES;
				CLANG_WARN_COMMA = YES;
				CLANG_WARN_CONSTANT_CONVERSION = YES;
				CLANG_WARN_DEPRECATED_OBJC_IMPLEMENTATIONS = YES;
				CLANG_WARN_DIRECT_OBJC_ISA_USAGE = YES_ERROR;
				CLANG_WARN_DOCUMENTATION_COMMENTS = YES;
				CLANG_WARN_EMPTY_BODY = YES;
				CLANG_WARN_ENUM_CONVERSION = YES;
				CLANG_WARN_INFINITE_RECURSION = YES;
				CLANG_WARN_INT_CONVERSION = YES;
				CLANG_WARN_NON_LITERAL_NULL_CONVERSION = YES;
				CLANG_WARN_OBJC_IMPLICIT_RETAIN_SELF = YES;
				CLANG_WARN_OBJC_LITERAL_CONVERSION = YES;
				CLANG_WARN_OBJC_ROOT_CLASS = YES_ERROR;
				CLANG_WARN_QUOTED_INCLUDE_IN_FRAMEWORK_HEADER = YES;
				CLANG_WARN_RANGE_LOOP_ANALYSIS = YES;
				CLANG_WARN_STRICT_PROTOTYPES = YES;
				CLANG_WARN_SUSPICIOUS_MOVE = YES;
				CLANG_WARN_UNGUARDED_AVAILABILITY = YES_AGGRESSIVE;
				CLANG_WARN_UNREACHABLE_CODE = YES;
				CLANG_WARN__DUPLICATE_METHOD_MATCH = YES;
				COPY_PHASE_STRIP = NO;
				DEBUG_INFORMATION_FORMAT = "dwarf-with-dsym";
				ENABLE_NS_ASSERTIONS = NO;
				ENABLE_STRICT_OBJC_MSGSEND = YES;
				GCC_C_LANGUAGE_STANDARD = gnu11;
				GCC_NO_COMMON_BLOCKS = YES;
				GCC_WARN_64_TO_32_BIT_CONVERSION = YES;
				GCC_WARN_ABOUT_RETURN_TYPE = YES_ERROR;
				GCC_WARN_UNDECLARED_SELECTOR = YES;
				GCC_WARN_UNINITIALIZED_AUTOS = YES_AGGRESSIVE;
				GCC_WARN_UNUSED_FUNCTION = YES;
				GCC_WARN_UNUSED_VARIABLE = YES;
				IPHONEOS_DEPLOYMENT_TARGET = 16.0;
				MTL_ENABLE_DEBUG_INFO = NO;
				MTL_FAST_MATH = YES;
				SDKROOT = iphoneos;
				SWIFT_COMPILATION_MODE = wholemodule;
				SWIFT_OPTIMIZATION_LEVEL = "-O";
				VALIDATE_PRODUCT = YES;
			};
			name = Release;
		};
		2431430B28AEDDDF000097DF /* Debug */ = {
			isa = XCBuildConfiguration;
			buildSettings = {
				ASSETCATALOG_COMPILER_APPICON_NAME = AppIcon;
				ASSETCATALOG_COMPILER_GLOBAL_ACCENT_COLOR_NAME = AccentColor;
				CODE_SIGN_STYLE = Automatic;
				CURRENT_PROJECT_VERSION = 1;
				DEVELOPMENT_ASSET_PATHS = "\"SwiftUIColorsFromImage/Preview Content\"";
				DEVELOPMENT_TEAM = 56R4WH2Z78;
				ENABLE_PREVIEWS = YES;
				GENERATE_INFOPLIST_FILE = YES;
				INFOPLIST_KEY_UIApplicationSceneManifest_Generation = YES;
				INFOPLIST_KEY_UIApplicationSupportsIndirectInputEvents = YES;
				INFOPLIST_KEY_UILaunchScreen_Generation = YES;
				INFOPLIST_KEY_UISupportedInterfaceOrientations_iPad = "UIInterfaceOrientationPortrait UIInterfaceOrientationPortraitUpsideDown UIInterfaceOrientationLandscapeLeft UIInterfaceOrientationLandscapeRight";
				INFOPLIST_KEY_UISupportedInterfaceOrientations_iPhone = "UIInterfaceOrientationPortrait UIInterfaceOrientationLandscapeLeft UIInterfaceOrientationLandscapeRight";
				LD_RUNPATH_SEARCH_PATHS = (
					"$(inherited)",
					"@executable_path/Frameworks",
				);
				MARKETING_VERSION = 1.0;
				PRODUCT_BUNDLE_IDENTIFIER = com.vnakamura.SwiftUIColorsFromImage;
				PRODUCT_NAME = "$(TARGET_NAME)";
				SWIFT_EMIT_LOC_STRINGS = YES;
				SWIFT_VERSION = 5.0;
				TARGETED_DEVICE_FAMILY = "1,2";
			};
			name = Debug;
		};
		2431430C28AEDDDF000097DF /* Release */ = {
			isa = XCBuildConfiguration;
			buildSettings = {
				ASSETCATALOG_COMPILER_APPICON_NAME = AppIcon;
				ASSETCATALOG_COMPILER_GLOBAL_ACCENT_COLOR_NAME = AccentColor;
				CODE_SIGN_STYLE = Automatic;
				CURRENT_PROJECT_VERSION = 1;
				DEVELOPMENT_ASSET_PATHS = "\"SwiftUIColorsFromImage/Preview Content\"";
				DEVELOPMENT_TEAM = 56R4WH2Z78;
				ENABLE_PREVIEWS = YES;
				GENERATE_INFOPLIST_FILE = YES;
				INFOPLIST_KEY_UIApplicationSceneManifest_Generation = YES;
				INFOPLIST_KEY_UIApplicationSupportsIndirectInputEvents = YES;
				INFOPLIST_KEY_UILaunchScreen_Generation = YES;
				INFOPLIST_KEY_UISupportedInterfaceOrientations_iPad = "UIInterfaceOrientationPortrait UIInterfaceOrientationPortraitUpsideDown UIInterfaceOrientationLandscapeLeft UIInterfaceOrientationLandscapeRight";
				INFOPLIST_KEY_UISupportedInterfaceOrientations_iPhone = "UIInterfaceOrientationPortrait UIInterfaceOrientationLandscapeLeft UIInterfaceOrientationLandscapeRight";
				LD_RUNPATH_SEARCH_PATHS = (
					"$(inherited)",
					"@executable_path/Frameworks",
				);
				MARKETING_VERSION = 1.0;
				PRODUCT_BUNDLE_IDENTIFIER = com.vnakamura.SwiftUIColorsFromImage;
				PRODUCT_NAME = "$(TARGET_NAME)";
				SWIFT_EMIT_LOC_STRINGS = YES;
				SWIFT_VERSION = 5.0;
				TARGETED_DEVICE_FAMILY = "1,2";
			};
			name = Release;
		};
/* End XCBuildConfiguration section */

/* Begin XCConfigurationList section */
		243142F728AEDDDD000097DF /* Build configuration list for PBXProject "SwiftUIColorsFromImage" */ = {
			isa = XCConfigurationList;
			buildConfigurations = (
				2431430828AEDDDF000097DF /* Debug */,
				2431430928AEDDDF000097DF /* Release */,
			);
			defaultConfigurationIsVisible = 0;
			defaultConfigurationName = Release;
		};
		2431430A28AEDDDF000097DF /* Build configuration list for PBXNativeTarget "SwiftUIColorsFromImage" */ = {
			isa = XCConfigurationList;
			buildConfigurations = (
				2431430B28AEDDDF000097DF /* Debug */,
				2431430C28AEDDDF000097DF /* Release */,
			);
			defaultConfigurationIsVisible = 0;
			defaultConfigurationName = Release;
		};
/* End XCConfigurationList section */

/* Begin XCRemoteSwiftPackageReference section */
		2427C64928B571610057877A /* XCRemoteSwiftPackageReference "Palette" */ = {
			isa = XCRemoteSwiftPackageReference;
			repositoryURL = "https://github.com/vNakamura/Palette";
			requirement = {
				branch = master;
				kind = branch;
			};
		};
/* End XCRemoteSwiftPackageReference section */

/* Begin XCSwiftPackageProductDependency section */
		2427C64A28B571610057877A /* Palette */ = {
			isa = XCSwiftPackageProductDependency;
			package = 2427C64928B571610057877A /* XCRemoteSwiftPackageReference "Palette" */;
			productName = Palette;
		};
/* End XCSwiftPackageProductDependency section */
	};
	rootObject = 243142F428AEDDDD000097DF /* Project object */;
}
